PODS:
  - Eureka (3.0.0)
  - SendBirdSDK (3.0.53)
  - SlackTextViewController (1.9.5)
  - SVProgressHUD (2.1.2)

DEPENDENCIES:
  - Eureka
  - SendBirdSDK
  - SlackTextViewController
  - SVProgressHUD

SPEC CHECKSUMS:
  Eureka: f36fd440c3ebb7bfea0a4fbe6f16a05f1cb35906
  SendBirdSDK: 87e3746e3ace9b0b3633ff39d808428c0b0b4a88
  SlackTextViewController: fbcdadbb8090673f604484ff5b6eb8d77baed42a
  SVProgressHUD: c404a55d78acbeb7ebb78b76d3faf986475a6994

PODFILE CHECKSUM: 8437386632eff533baad214a6a7931df8561f59e

COCOAPODS: 1.2.1
