// !$*UTF8*$!
{
	archiveVersion = 1;
	classes = {
	};
	objectVersion = 46;
	objects = {

/* Begin PBXBuildFile section */
		902C35261ED2378000EB12C6 /* SignInVC.swift in Sources */ = {isa = PBXBuildFile; fileRef = 902C35251ED2378000EB12C6 /* SignInVC.swift */; };
		9051E5EC1ED26C4C008F5A77 /* Bundle.swift in Sources */ = {isa = PBXBuildFile; fileRef = 9051E5EB1ED26C4C008F5A77 /* Bundle.swift */; };
		9051E5EE1ED271A2008F5A77 /* OpenChannelVC.swift in Sources */ = {isa = PBXBuildFile; fileRef = 9051E5ED1ED271A2008F5A77 /* OpenChannelVC.swift */; };
		9051E5F01ED273C1008F5A77 /* AddOpenChannelVC.swift in Sources */ = {isa = PBXBuildFile; fileRef = 9051E5EF1ED273C1008F5A77 /* AddOpenChannelVC.swift */; };
		90B52C251ECAA0A1008AF6E2 /* AppDelegate.swift in Sources */ = {isa = PBXBuildFile; fileRef = 90B52C241ECAA0A1008AF6E2 /* AppDelegate.swift */; };
		90B52C2A1ECAA0A1008AF6E2 /* Main.storyboard in Resources */ = {isa = PBXBuildFile; fileRef = 90B52C281ECAA0A1008AF6E2 /* Main.storyboard */; };
		90B52C2C1ECAA0A1008AF6E2 /* Assets.xcassets in Resources */ = {isa = PBXBuildFile; fileRef = 90B52C2B1ECAA0A1008AF6E2 /* Assets.xcassets */; };
		90B52C2F1ECAA0A1008AF6E2 /* LaunchScreen.storyboard in Resources */ = {isa = PBXBuildFile; fileRef = 90B52C2D1ECAA0A1008AF6E2 /* LaunchScreen.storyboard */; };
		90B52C3A1ECAA0A1008AF6E2 /* LANLineV2Tests.swift in Sources */ = {isa = PBXBuildFile; fileRef = 90B52C391ECAA0A1008AF6E2 /* LANLineV2Tests.swift */; };
		90B52C451ECAA0A1008AF6E2 /* LANLineV2UITests.swift in Sources */ = {isa = PBXBuildFile; fileRef = 90B52C441ECAA0A1008AF6E2 /* LANLineV2UITests.swift */; };
		90B52C531ECAA131008AF6E2 /* SearchGameTVC.swift in Sources */ = {isa = PBXBuildFile; fileRef = 90B52C521ECAA131008AF6E2 /* SearchGameTVC.swift */; };
		90B52C551ECAA19E008AF6E2 /* SearchedGameCell.swift in Sources */ = {isa = PBXBuildFile; fileRef = 90B52C541ECAA19E008AF6E2 /* SearchedGameCell.swift */; };
		90B52C571ECAA2A2008AF6E2 /* Game.swift in Sources */ = {isa = PBXBuildFile; fileRef = 90B52C561ECAA2A2008AF6E2 /* Game.swift */; };
		90B52C591ECAA4A6008AF6E2 /* APIController.swift in Sources */ = {isa = PBXBuildFile; fileRef = 90B52C581ECAA4A6008AF6E2 /* APIController.swift */; };
		90B52C5B1ECCB5D0008AF6E2 /* GameInfoDetailVC.swift in Sources */ = {isa = PBXBuildFile; fileRef = 90B52C5A1ECCB5D0008AF6E2 /* GameInfoDetailVC.swift */; };
		9B40C9F7B7EC94EB7F500D73 /* Pods_LANLineV2.framework in Frameworks */ = {isa = PBXBuildFile; fileRef = AAAE997C9B68BCE643FEE153 /* Pods_LANLineV2.framework */; };
		D184947D72DE3767BAC54699 /* Pods_LANLineV2Tests.framework in Frameworks */ = {isa = PBXBuildFile; fileRef = 56B8F6A742A2EF95FA199015 /* Pods_LANLineV2Tests.framework */; };
		EC76B3A3295B572947D4A769 /* Pods_LANLineV2UITests.framework in Frameworks */ = {isa = PBXBuildFile; fileRef = 9BAEB6FB7733363B54BA40D5 /* Pods_LANLineV2UITests.framework */; };
/* End PBXBuildFile section */

/* Begin PBXContainerItemProxy section */
		90B52C361ECAA0A1008AF6E2 /* PBXContainerItemProxy */ = {
			isa = PBXContainerItemProxy;
			containerPortal = 90B52C191ECAA0A1008AF6E2 /* Project object */;
			proxyType = 1;
			remoteGlobalIDString = 90B52C201ECAA0A1008AF6E2;
			remoteInfo = LANLineV2;
		};
		90B52C411ECAA0A1008AF6E2 /* PBXContainerItemProxy */ = {
			isa = PBXContainerItemProxy;
			containerPortal = 90B52C191ECAA0A1008AF6E2 /* Project object */;
			proxyType = 1;
			remoteGlobalIDString = 90B52C201ECAA0A1008AF6E2;
			remoteInfo = LANLineV2;
		};
/* End PBXContainerItemProxy section */

/* Begin PBXFileReference section */
		13F072F8EC512201D7188CAC /* Pods-LANLineV2UITests.debug.xcconfig */ = {isa = PBXFileReference; includeInIndex = 1; lastKnownFileType = text.xcconfig; name = "Pods-LANLineV2UITests.debug.xcconfig"; path = "Pods/Target Support Files/Pods-LANLineV2UITests/Pods-LANLineV2UITests.debug.xcconfig"; sourceTree = "<group>"; };
		1D3AAD8E0E1CA40BA11476D8 /* Pods-LANLineV2Tests.release.xcconfig */ = {isa = PBXFileReference; includeInIndex = 1; lastKnownFileType = text.xcconfig; name = "Pods-LANLineV2Tests.release.xcconfig"; path = "Pods/Target Support Files/Pods-LANLineV2Tests/Pods-LANLineV2Tests.release.xcconfig"; sourceTree = "<group>"; };
		2C9DFB9FDDEC011F4602D383 /* Pods-LANLineV2UITests.release.xcconfig */ = {isa = PBXFileReference; includeInIndex = 1; lastKnownFileType = text.xcconfig; name = "Pods-LANLineV2UITests.release.xcconfig"; path = "Pods/Target Support Files/Pods-LANLineV2UITests/Pods-LANLineV2UITests.release.xcconfig"; sourceTree = "<group>"; };
		2D5A4CFF99961CA0B25FFFFF /* Pods-LANLineV2.release.xcconfig */ = {isa = PBXFileReference; includeInIndex = 1; lastKnownFileType = text.xcconfig; name = "Pods-LANLineV2.release.xcconfig"; path = "Pods/Target Support Files/Pods-LANLineV2/Pods-LANLineV2.release.xcconfig"; sourceTree = "<group>"; };
		48C90C24B303FB84585714A7 /* Pods-LANLineV2.debug.xcconfig */ = {isa = PBXFileReference; includeInIndex = 1; lastKnownFileType = text.xcconfig; name = "Pods-LANLineV2.debug.xcconfig"; path = "Pods/Target Support Files/Pods-LANLineV2/Pods-LANLineV2.debug.xcconfig"; sourceTree = "<group>"; };
		56B8F6A742A2EF95FA199015 /* Pods_LANLineV2Tests.framework */ = {isa = PBXFileReference; explicitFileType = wrapper.framework; includeInIndex = 0; path = Pods_LANLineV2Tests.framework; sourceTree = BUILT_PRODUCTS_DIR; };
		7B5D5941655D3B0314B8C0F9 /* Pods-LANLineV2Tests.debug.xcconfig */ = {isa = PBXFileReference; includeInIndex = 1; lastKnownFileType = text.xcconfig; name = "Pods-LANLineV2Tests.debug.xcconfig"; path = "Pods/Target Support Files/Pods-LANLineV2Tests/Pods-LANLineV2Tests.debug.xcconfig"; sourceTree = "<group>"; };
		902C35251ED2378000EB12C6 /* SignInVC.swift */ = {isa = PBXFileReference; fileEncoding = 4; lastKnownFileType = sourcecode.swift; path = SignInVC.swift; sourceTree = "<group>"; };
		9051E5EB1ED26C4C008F5A77 /* Bundle.swift */ = {isa = PBXFileReference; fileEncoding = 4; lastKnownFileType = sourcecode.swift; path = Bundle.swift; sourceTree = "<group>"; };
		9051E5ED1ED271A2008F5A77 /* OpenChannelVC.swift */ = {isa = PBXFileReference; fileEncoding = 4; lastKnownFileType = sourcecode.swift; path = OpenChannelVC.swift; sourceTree = "<group>"; };
		9051E5EF1ED273C1008F5A77 /* AddOpenChannelVC.swift */ = {isa = PBXFileReference; fileEncoding = 4; lastKnownFileType = sourcecode.swift; path = AddOpenChannelVC.swift; sourceTree = "<group>"; };
		90B52C211ECAA0A1008AF6E2 /* LANLineV2.app */ = {isa = PBXFileReference; explicitFileType = wrapper.application; includeInIndex = 0; path = LANLineV2.app; sourceTree = BUILT_PRODUCTS_DIR; };
		90B52C241ECAA0A1008AF6E2 /* AppDelegate.swift */ = {isa = PBXFileReference; lastKnownFileType = sourcecode.swift; path = AppDelegate.swift; sourceTree = "<group>"; };
		90B52C291ECAA0A1008AF6E2 /* Base */ = {isa = PBXFileReference; lastKnownFileType = file.storyboard; name = Base; path = Base.lproj/Main.storyboard; sourceTree = "<group>"; };
		90B52C2B1ECAA0A1008AF6E2 /* Assets.xcassets */ = {isa = PBXFileReference; lastKnownFileType = folder.assetcatalog; path = Assets.xcassets; sourceTree = "<group>"; };
		90B52C2E1ECAA0A1008AF6E2 /* Base */ = {isa = PBXFileReference; lastKnownFileType = file.storyboard; name = Base; path = Base.lproj/LaunchScreen.storyboard; sourceTree = "<group>"; };
		90B52C301ECAA0A1008AF6E2 /* Info.plist */ = {isa = PBXFileReference; lastKnownFileType = text.plist.xml; path = Info.plist; sourceTree = "<group>"; };
		90B52C351ECAA0A1008AF6E2 /* LANLineV2Tests.xctest */ = {isa = PBXFileReference; explicitFileType = wrapper.cfbundle; includeInIndex = 0; path = LANLineV2Tests.xctest; sourceTree = BUILT_PRODUCTS_DIR; };
		90B52C391ECAA0A1008AF6E2 /* LANLineV2Tests.swift */ = {isa = PBXFileReference; lastKnownFileType = sourcecode.swift; path = LANLineV2Tests.swift; sourceTree = "<group>"; };
		90B52C3B1ECAA0A1008AF6E2 /* Info.plist */ = {isa = PBXFileReference; lastKnownFileType = text.plist.xml; path = Info.plist; sourceTree = "<group>"; };
		90B52C401ECAA0A1008AF6E2 /* LANLineV2UITests.xctest */ = {isa = PBXFileReference; explicitFileType = wrapper.cfbundle; includeInIndex = 0; path = LANLineV2UITests.xctest; sourceTree = BUILT_PRODUCTS_DIR; };
		90B52C441ECAA0A1008AF6E2 /* LANLineV2UITests.swift */ = {isa = PBXFileReference; lastKnownFileType = sourcecode.swift; path = LANLineV2UITests.swift; sourceTree = "<group>"; };
		90B52C461ECAA0A1008AF6E2 /* Info.plist */ = {isa = PBXFileReference; lastKnownFileType = text.plist.xml; path = Info.plist; sourceTree = "<group>"; };
		90B52C521ECAA131008AF6E2 /* SearchGameTVC.swift */ = {isa = PBXFileReference; fileEncoding = 4; lastKnownFileType = sourcecode.swift; name = SearchGameTVC.swift; path = ../SearchGameTVC.swift; sourceTree = "<group>"; };
		90B52C541ECAA19E008AF6E2 /* SearchedGameCell.swift */ = {isa = PBXFileReference; fileEncoding = 4; lastKnownFileType = sourcecode.swift; path = SearchedGameCell.swift; sourceTree = "<group>"; };
		90B52C561ECAA2A2008AF6E2 /* Game.swift */ = {isa = PBXFileReference; fileEncoding = 4; lastKnownFileType = sourcecode.swift; path = Game.swift; sourceTree = "<group>"; };
		90B52C581ECAA4A6008AF6E2 /* APIController.swift */ = {isa = PBXFileReference; fileEncoding = 4; lastKnownFileType = sourcecode.swift; path = APIController.swift; sourceTree = "<group>"; };
		90B52C5A1ECCB5D0008AF6E2 /* GameInfoDetailVC.swift */ = {isa = PBXFileReference; fileEncoding = 4; lastKnownFileType = sourcecode.swift; path = GameInfoDetailVC.swift; sourceTree = "<group>"; };
		9BAEB6FB7733363B54BA40D5 /* Pods_LANLineV2UITests.framework */ = {isa = PBXFileReference; explicitFileType = wrapper.framework; includeInIndex = 0; path = Pods_LANLineV2UITests.framework; sourceTree = BUILT_PRODUCTS_DIR; };
		AAAE997C9B68BCE643FEE153 /* Pods_LANLineV2.framework */ = {isa = PBXFileReference; explicitFileType = wrapper.framework; includeInIndex = 0; path = Pods_LANLineV2.framework; sourceTree = BUILT_PRODUCTS_DIR; };
/* End PBXFileReference section */

/* Begin PBXFrameworksBuildPhase section */
		90B52C1E1ECAA0A1008AF6E2 /* Frameworks */ = {
			isa = PBXFrameworksBuildPhase;
			buildActionMask = 2147483647;
			files = (
				9B40C9F7B7EC94EB7F500D73 /* Pods_LANLineV2.framework in Frameworks */,
			);
			runOnlyForDeploymentPostprocessing = 0;
		};
		90B52C321ECAA0A1008AF6E2 /* Frameworks */ = {
			isa = PBXFrameworksBuildPhase;
			buildActionMask = 2147483647;
			files = (
				D184947D72DE3767BAC54699 /* Pods_LANLineV2Tests.framework in Frameworks */,
			);
			runOnlyForDeploymentPostprocessing = 0;
		};
		90B52C3D1ECAA0A1008AF6E2 /* Frameworks */ = {
			isa = PBXFrameworksBuildPhase;
			buildActionMask = 2147483647;
			files = (
				EC76B3A3295B572947D4A769 /* Pods_LANLineV2UITests.framework in Frameworks */,
			);
			runOnlyForDeploymentPostprocessing = 0;
		};
/* End PBXFrameworksBuildPhase section */

/* Begin PBXGroup section */
		5A852DE94E523FDA8833B89B /* Frameworks */ = {
			isa = PBXGroup;
			children = (
				AAAE997C9B68BCE643FEE153 /* Pods_LANLineV2.framework */,
				56B8F6A742A2EF95FA199015 /* Pods_LANLineV2Tests.framework */,
				9BAEB6FB7733363B54BA40D5 /* Pods_LANLineV2UITests.framework */,
			);
			name = Frameworks;
			sourceTree = "<group>";
		};
		5FBA2A1540171FBB87C95E6D /* Pods */ = {
			isa = PBXGroup;
			children = (
				48C90C24B303FB84585714A7 /* Pods-LANLineV2.debug.xcconfig */,
				2D5A4CFF99961CA0B25FFFFF /* Pods-LANLineV2.release.xcconfig */,
				7B5D5941655D3B0314B8C0F9 /* Pods-LANLineV2Tests.debug.xcconfig */,
				1D3AAD8E0E1CA40BA11476D8 /* Pods-LANLineV2Tests.release.xcconfig */,
				13F072F8EC512201D7188CAC /* Pods-LANLineV2UITests.debug.xcconfig */,
				2C9DFB9FDDEC011F4602D383 /* Pods-LANLineV2UITests.release.xcconfig */,
			);
			name = Pods;
			sourceTree = "<group>";
		};
		90B52C181ECAA0A1008AF6E2 = {
			isa = PBXGroup;
			children = (
				90B52C231ECAA0A1008AF6E2 /* LANLineV2 */,
				90B52C381ECAA0A1008AF6E2 /* LANLineV2Tests */,
				90B52C431ECAA0A1008AF6E2 /* LANLineV2UITests */,
				90B52C221ECAA0A1008AF6E2 /* Products */,
				5FBA2A1540171FBB87C95E6D /* Pods */,
				5A852DE94E523FDA8833B89B /* Frameworks */,
			);
			sourceTree = "<group>";
		};
		90B52C221ECAA0A1008AF6E2 /* Products */ = {
			isa = PBXGroup;
			children = (
				90B52C211ECAA0A1008AF6E2 /* LANLineV2.app */,
				90B52C351ECAA0A1008AF6E2 /* LANLineV2Tests.xctest */,
				90B52C401ECAA0A1008AF6E2 /* LANLineV2UITests.xctest */,
			);
			name = Products;
			sourceTree = "<group>";
		};
		90B52C231ECAA0A1008AF6E2 /* LANLineV2 */ = {
			isa = PBXGroup;
			children = (
				9051E5EF1ED273C1008F5A77 /* AddOpenChannelVC.swift */,
				9051E5ED1ED271A2008F5A77 /* OpenChannelVC.swift */,
				902C35251ED2378000EB12C6 /* SignInVC.swift */,
				9051E5EB1ED26C4C008F5A77 /* Bundle.swift */,
				90B52C241ECAA0A1008AF6E2 /* AppDelegate.swift */,
				90B52C561ECAA2A2008AF6E2 /* Game.swift */,
				90B52C521ECAA131008AF6E2 /* SearchGameTVC.swift */,
				90B52C5A1ECCB5D0008AF6E2 /* GameInfoDetailVC.swift */,
				90B52C541ECAA19E008AF6E2 /* SearchedGameCell.swift */,
				90B52C581ECAA4A6008AF6E2 /* APIController.swift */,
				90B52C281ECAA0A1008AF6E2 /* Main.storyboard */,
				90B52C2D1ECAA0A1008AF6E2 /* LaunchScreen.storyboard */,
				90B52C301ECAA0A1008AF6E2 /* Info.plist */,
				90B52C2B1ECAA0A1008AF6E2 /* Assets.xcassets */,
			);
			path = LANLineV2;
			sourceTree = "<group>";
		};
		90B52C381ECAA0A1008AF6E2 /* LANLineV2Tests */ = {
			isa = PBXGroup;
			children = (
				90B52C391ECAA0A1008AF6E2 /* LANLineV2Tests.swift */,
				90B52C3B1ECAA0A1008AF6E2 /* Info.plist */,
			);
			path = LANLineV2Tests;
			sourceTree = "<group>";
		};
		90B52C431ECAA0A1008AF6E2 /* LANLineV2UITests */ = {
			isa = PBXGroup;
			children = (
				90B52C441ECAA0A1008AF6E2 /* LANLineV2UITests.swift */,
				90B52C461ECAA0A1008AF6E2 /* Info.plist */,
			);
			path = LANLineV2UITests;
			sourceTree = "<group>";
		};
/* End PBXGroup section */

/* Begin PBXNativeTarget section */
		90B52C201ECAA0A1008AF6E2 /* LANLineV2 */ = {
			isa = PBXNativeTarget;
			buildConfigurationList = 90B52C491ECAA0A1008AF6E2 /* Build configuration list for PBXNativeTarget "LANLineV2" */;
			buildPhases = (
				700F5D21A97893242AC5E323 /* [CP] Check Pods Manifest.lock */,
				90B52C1D1ECAA0A1008AF6E2 /* Sources */,
				90B52C1E1ECAA0A1008AF6E2 /* Frameworks */,
				90B52C1F1ECAA0A1008AF6E2 /* Resources */,
				A4B8AB34174F980FB74D2FA7 /* [CP] Embed Pods Frameworks */,
				AEE69D6C4EEC3F87DB95688B /* [CP] Copy Pods Resources */,
			);
			buildRules = (
			);
			dependencies = (
			);
			name = LANLineV2;
			productName = LANLineV2;
			productReference = 90B52C211ECAA0A1008AF6E2 /* LANLineV2.app */;
			productType = "com.apple.product-type.application";
		};
		90B52C341ECAA0A1008AF6E2 /* LANLineV2Tests */ = {
			isa = PBXNativeTarget;
			buildConfigurationList = 90B52C4C1ECAA0A1008AF6E2 /* Build configuration list for PBXNativeTarget "LANLineV2Tests" */;
			buildPhases = (
				71003BA32F51E4D07D49DCD9 /* [CP] Check Pods Manifest.lock */,
				90B52C311ECAA0A1008AF6E2 /* Sources */,
				90B52C321ECAA0A1008AF6E2 /* Frameworks */,
				90B52C331ECAA0A1008AF6E2 /* Resources */,
				E8C1A41258FDCCB5BDF33734 /* [CP] Embed Pods Frameworks */,
				E704BB941B3E99486460754A /* [CP] Copy Pods Resources */,
			);
			buildRules = (
			);
			dependencies = (
				90B52C371ECAA0A1008AF6E2 /* PBXTargetDependency */,
			);
			name = LANLineV2Tests;
			productName = LANLineV2Tests;
			productReference = 90B52C351ECAA0A1008AF6E2 /* LANLineV2Tests.xctest */;
			productType = "com.apple.product-type.bundle.unit-test";
		};
		90B52C3F1ECAA0A1008AF6E2 /* LANLineV2UITests */ = {
			isa = PBXNativeTarget;
			buildConfigurationList = 90B52C4F1ECAA0A1008AF6E2 /* Build configuration list for PBXNativeTarget "LANLineV2UITests" */;
			buildPhases = (
				FCB4FC9EBFD460E437C9EF89 /* [CP] Check Pods Manifest.lock */,
				90B52C3C1ECAA0A1008AF6E2 /* Sources */,
				90B52C3D1ECAA0A1008AF6E2 /* Frameworks */,
				90B52C3E1ECAA0A1008AF6E2 /* Resources */,
				686B9D28B536888F2ABEE850 /* [CP] Embed Pods Frameworks */,
				9DD82DDBADDF452AD2074FA3 /* [CP] Copy Pods Resources */,
			);
			buildRules = (
			);
			dependencies = (
				90B52C421ECAA0A1008AF6E2 /* PBXTargetDependency */,
			);
			name = LANLineV2UITests;
			productName = LANLineV2UITests;
			productReference = 90B52C401ECAA0A1008AF6E2 /* LANLineV2UITests.xctest */;
			productType = "com.apple.product-type.bundle.ui-testing";
		};
/* End PBXNativeTarget section */

/* Begin PBXProject section */
		90B52C191ECAA0A1008AF6E2 /* Project object */ = {
			isa = PBXProject;
			attributes = {
				LastSwiftUpdateCheck = 0830;
				LastUpgradeCheck = 0830;
				ORGANIZATIONNAME = "Shane Nelson";
				TargetAttributes = {
					90B52C201ECAA0A1008AF6E2 = {
						CreatedOnToolsVersion = 8.3.2;
						DevelopmentTeam = 5CZ45M6538;
						ProvisioningStyle = Automatic;
					};
					90B52C341ECAA0A1008AF6E2 = {
						CreatedOnToolsVersion = 8.3.2;
						DevelopmentTeam = 5CZ45M6538;
						ProvisioningStyle = Automatic;
						TestTargetID = 90B52C201ECAA0A1008AF6E2;
					};
					90B52C3F1ECAA0A1008AF6E2 = {
						CreatedOnToolsVersion = 8.3.2;
						DevelopmentTeam = 5CZ45M6538;
						ProvisioningStyle = Automatic;
						TestTargetID = 90B52C201ECAA0A1008AF6E2;
					};
				};
			};
			buildConfigurationList = 90B52C1C1ECAA0A1008AF6E2 /* Build configuration list for PBXProject "LANLineV2" */;
			compatibilityVersion = "Xcode 3.2";
			developmentRegion = English;
			hasScannedForEncodings = 0;
			knownRegions = (
				en,
				Base,
			);
			mainGroup = 90B52C181ECAA0A1008AF6E2;
			productRefGroup = 90B52C221ECAA0A1008AF6E2 /* Products */;
			projectDirPath = "";
			projectRoot = "";
			targets = (
				90B52C201ECAA0A1008AF6E2 /* LANLineV2 */,
				90B52C341ECAA0A1008AF6E2 /* LANLineV2Tests */,
				90B52C3F1ECAA0A1008AF6E2 /* LANLineV2UITests */,
			);
		};
/* End PBXProject section */

/* Begin PBXResourcesBuildPhase section */
		90B52C1F1ECAA0A1008AF6E2 /* Resources */ = {
			isa = PBXResourcesBuildPhase;
			buildActionMask = 2147483647;
			files = (
				90B52C2F1ECAA0A1008AF6E2 /* LaunchScreen.storyboard in Resources */,
				90B52C2C1ECAA0A1008AF6E2 /* Assets.xcassets in Resources */,
				90B52C2A1ECAA0A1008AF6E2 /* Main.storyboard in Resources */,
			);
			runOnlyForDeploymentPostprocessing = 0;
		};
		90B52C331ECAA0A1008AF6E2 /* Resources */ = {
			isa = PBXResourcesBuildPhase;
			buildActionMask = 2147483647;
			files = (
			);
			runOnlyForDeploymentPostprocessing = 0;
		};
		90B52C3E1ECAA0A1008AF6E2 /* Resources */ = {
			isa = PBXResourcesBuildPhase;
			buildActionMask = 2147483647;
			files = (
			);
			runOnlyForDeploymentPostprocessing = 0;
		};
/* End PBXResourcesBuildPhase section */

/* Begin PBXShellScriptBuildPhase section */
		686B9D28B536888F2ABEE850 /* [CP] Embed Pods Frameworks */ = {
			isa = PBXShellScriptBuildPhase;
			buildActionMask = 2147483647;
			files = (
			);
			inputPaths = (
			);
			name = "[CP] Embed Pods Frameworks";
			outputPaths = (
			);
			runOnlyForDeploymentPostprocessing = 0;
			shellPath = /bin/sh;
			shellScript = "\"${SRCROOT}/Pods/Target Support Files/Pods-LANLineV2UITests/Pods-LANLineV2UITests-frameworks.sh\"\n";
			showEnvVarsInLog = 0;
		};
		700F5D21A97893242AC5E323 /* [CP] Check Pods Manifest.lock */ = {
			isa = PBXShellScriptBuildPhase;
			buildActionMask = 2147483647;
			files = (
			);
			inputPaths = (
			);
			name = "[CP] Check Pods Manifest.lock";
			outputPaths = (
			);
			runOnlyForDeploymentPostprocessing = 0;
			shellPath = /bin/sh;
			shellScript = "diff \"${PODS_PODFILE_DIR_PATH}/Podfile.lock\" \"${PODS_ROOT}/Manifest.lock\" > /dev/null\nif [ $? != 0 ] ; then\n    # print error to STDERR\n    echo \"error: The sandbox is not in sync with the Podfile.lock. Run 'pod install' or update your CocoaPods installation.\" >&2\n    exit 1\nfi\n";
			showEnvVarsInLog = 0;
		};
		71003BA32F51E4D07D49DCD9 /* [CP] Check Pods Manifest.lock */ = {
			isa = PBXShellScriptBuildPhase;
			buildActionMask = 2147483647;
			files = (
			);
			inputPaths = (
			);
			name = "[CP] Check Pods Manifest.lock";
			outputPaths = (
			);
			runOnlyForDeploymentPostprocessing = 0;
			shellPath = /bin/sh;
			shellScript = "diff \"${PODS_PODFILE_DIR_PATH}/Podfile.lock\" \"${PODS_ROOT}/Manifest.lock\" > /dev/null\nif [ $? != 0 ] ; then\n    # print error to STDERR\n    echo \"error: The sandbox is not in sync with the Podfile.lock. Run 'pod install' or update your CocoaPods installation.\" >&2\n    exit 1\nfi\n";
			showEnvVarsInLog = 0;
		};
		9DD82DDBADDF452AD2074FA3 /* [CP] Copy Pods Resources */ = {
			isa = PBXShellScriptBuildPhase;
			buildActionMask = 2147483647;
			files = (
			);
			inputPaths = (
			);
			name = "[CP] Copy Pods Resources";
			outputPaths = (
			);
			runOnlyForDeploymentPostprocessing = 0;
			shellPath = /bin/sh;
			shellScript = "\"${SRCROOT}/Pods/Target Support Files/Pods-LANLineV2UITests/Pods-LANLineV2UITests-resources.sh\"\n";
			showEnvVarsInLog = 0;
		};
		A4B8AB34174F980FB74D2FA7 /* [CP] Embed Pods Frameworks */ = {
			isa = PBXShellScriptBuildPhase;
			buildActionMask = 2147483647;
			files = (
			);
			inputPaths = (
			);
			name = "[CP] Embed Pods Frameworks";
			outputPaths = (
			);
			runOnlyForDeploymentPostprocessing = 0;
			shellPath = /bin/sh;
			shellScript = "\"${SRCROOT}/Pods/Target Support Files/Pods-LANLineV2/Pods-LANLineV2-frameworks.sh\"\n";
			showEnvVarsInLog = 0;
		};
		AEE69D6C4EEC3F87DB95688B /* [CP] Copy Pods Resources */ = {
			isa = PBXShellScriptBuildPhase;
			buildActionMask = 2147483647;
			files = (
			);
			inputPaths = (
			);
			name = "[CP] Copy Pods Resources";
			outputPaths = (
			);
			runOnlyForDeploymentPostprocessing = 0;
			shellPath = /bin/sh;
			shellScript = "\"${SRCROOT}/Pods/Target Support Files/Pods-LANLineV2/Pods-LANLineV2-resources.sh\"\n";
			showEnvVarsInLog = 0;
		};
		E704BB941B3E99486460754A /* [CP] Copy Pods Resources */ = {
			isa = PBXShellScriptBuildPhase;
			buildActionMask = 2147483647;
			files = (
			);
			inputPaths = (
			);
			name = "[CP] Copy Pods Resources";
			outputPaths = (
			);
			runOnlyForDeploymentPostprocessing = 0;
			shellPath = /bin/sh;
			shellScript = "\"${SRCROOT}/Pods/Target Support Files/Pods-LANLineV2Tests/Pods-LANLineV2Tests-resources.sh\"\n";
			showEnvVarsInLog = 0;
		};
		E8C1A41258FDCCB5BDF33734 /* [CP] Embed Pods Frameworks */ = {
			isa = PBXShellScriptBuildPhase;
			buildActionMask = 2147483647;
			files = (
			);
			inputPaths = (
			);
			name = "[CP] Embed Pods Frameworks";
			outputPaths = (
			);
			runOnlyForDeploymentPostprocessing = 0;
			shellPath = /bin/sh;
			shellScript = "\"${SRCROOT}/Pods/Target Support Files/Pods-LANLineV2Tests/Pods-LANLineV2Tests-frameworks.sh\"\n";
			showEnvVarsInLog = 0;
		};
		FCB4FC9EBFD460E437C9EF89 /* [CP] Check Pods Manifest.lock */ = {
			isa = PBXShellScriptBuildPhase;
			buildActionMask = 2147483647;
			files = (
			);
			inputPaths = (
			);
			name = "[CP] Check Pods Manifest.lock";
			outputPaths = (
			);
			runOnlyForDeploymentPostprocessing = 0;
			shellPath = /bin/sh;
			shellScript = "diff \"${PODS_PODFILE_DIR_PATH}/Podfile.lock\" \"${PODS_ROOT}/Manifest.lock\" > /dev/null\nif [ $? != 0 ] ; then\n    # print error to STDERR\n    echo \"error: The sandbox is not in sync with the Podfile.lock. Run 'pod install' or update your CocoaPods installation.\" >&2\n    exit 1\nfi\n";
			showEnvVarsInLog = 0;
		};
/* End PBXShellScriptBuildPhase section */

/* Begin PBXSourcesBuildPhase section */
		90B52C1D1ECAA0A1008AF6E2 /* Sources */ = {
			isa = PBXSourcesBuildPhase;
			buildActionMask = 2147483647;
			files = (
				90B52C251ECAA0A1008AF6E2 /* AppDelegate.swift in Sources */,
				9051E5EC1ED26C4C008F5A77 /* Bundle.swift in Sources */,
				9051E5F01ED273C1008F5A77 /* AddOpenChannelVC.swift in Sources */,
				90B52C5B1ECCB5D0008AF6E2 /* GameInfoDetailVC.swift in Sources */,
				90B52C551ECAA19E008AF6E2 /* SearchedGameCell.swift in Sources */,
				90B52C531ECAA131008AF6E2 /* SearchGameTVC.swift in Sources */,
				9051E5EE1ED271A2008F5A77 /* OpenChannelVC.swift in Sources */,
				902C35261ED2378000EB12C6 /* SignInVC.swift in Sources */,
				90B52C571ECAA2A2008AF6E2 /* Game.swift in Sources */,
				90B52C591ECAA4A6008AF6E2 /* APIController.swift in Sources */,
			);
			runOnlyForDeploymentPostprocessing = 0;
		};
		90B52C311ECAA0A1008AF6E2 /* Sources */ = {
			isa = PBXSourcesBuildPhase;
			buildActionMask = 2147483647;
			files = (
				90B52C3A1ECAA0A1008AF6E2 /* LANLineV2Tests.swift in Sources */,
			);
			runOnlyForDeploymentPostprocessing = 0;
		};
		90B52C3C1ECAA0A1008AF6E2 /* Sources */ = {
			isa = PBXSourcesBuildPhase;
			buildActionMask = 2147483647;
			files = (
				90B52C451ECAA0A1008AF6E2 /* LANLineV2UITests.swift in Sources */,
			);
			runOnlyForDeploymentPostprocessing = 0;
		};
/* End PBXSourcesBuildPhase section */

/* Begin PBXTargetDependency section */
		90B52C371ECAA0A1008AF6E2 /* PBXTargetDependency */ = {
			isa = PBXTargetDependency;
			target = 90B52C201ECAA0A1008AF6E2 /* LANLineV2 */;
			targetProxy = 90B52C361ECAA0A1008AF6E2 /* PBXContainerItemProxy */;
		};
		90B52C421ECAA0A1008AF6E2 /* PBXTargetDependency */ = {
			isa = PBXTargetDependency;
			target = 90B52C201ECAA0A1008AF6E2 /* LANLineV2 */;
			targetProxy = 90B52C411ECAA0A1008AF6E2 /* PBXContainerItemProxy */;
		};
/* End PBXTargetDependency section */

/* Begin PBXVariantGroup section */
		90B52C281ECAA0A1008AF6E2 /* Main.storyboard */ = {
			isa = PBXVariantGroup;
			children = (
				90B52C291ECAA0A1008AF6E2 /* Base */,
			);
			name = Main.storyboard;
			sourceTree = "<group>";
		};
		90B52C2D1ECAA0A1008AF6E2 /* LaunchScreen.storyboard */ = {
			isa = PBXVariantGroup;
			children = (
				90B52C2E1ECAA0A1008AF6E2 /* Base */,
			);
			name = LaunchScreen.storyboard;
			sourceTree = "<group>";
		};
/* End PBXVariantGroup section */

/* Begin XCBuildConfiguration section */
		90B52C471ECAA0A1008AF6E2 /* Debug */ = {
			isa = XCBuildConfiguration;
			buildSettings = {
				ALWAYS_SEARCH_USER_PATHS = NO;
				CLANG_ANALYZER_NONNULL = YES;
				CLANG_ANALYZER_NUMBER_OBJECT_CONVERSION = YES_AGGRESSIVE;
				CLANG_CXX_LANGUAGE_STANDARD = "gnu++0x";
				CLANG_CXX_LIBRARY = "libc++";
				CLANG_ENABLE_MODULES = YES;
				CLANG_ENABLE_OBJC_ARC = YES;
				CLANG_WARN_BOOL_CONVERSION = YES;
				CLANG_WARN_CONSTANT_CONVERSION = YES;
				CLANG_WARN_DIRECT_OBJC_ISA_USAGE = YES_ERROR;
				CLANG_WARN_DOCUMENTATION_COMMENTS = YES;
				CLANG_WARN_EMPTY_BODY = YES;
				CLANG_WARN_ENUM_CONVERSION = YES;
				CLANG_WARN_INFINITE_RECURSION = YES;
				CLANG_WARN_INT_CONVERSION = YES;
				CLANG_WARN_OBJC_ROOT_CLASS = YES_ERROR;
				CLANG_WARN_SUSPICIOUS_MOVE = YES;
				CLANG_WARN_UNREACHABLE_CODE = YES;
				CLANG_WARN__DUPLICATE_METHOD_MATCH = YES;
				"CODE_SIGN_IDENTITY[sdk=iphoneos*]" = "iPhone Developer";
				COPY_PHASE_STRIP = NO;
				DEBUG_INFORMATION_FORMAT = dwarf;
				ENABLE_STRICT_OBJC_MSGSEND = YES;
				ENABLE_TESTABILITY = YES;
				GCC_C_LANGUAGE_STANDARD = gnu99;
				GCC_DYNAMIC_NO_PIC = NO;
				GCC_NO_COMMON_BLOCKS = YES;
				GCC_OPTIMIZATION_LEVEL = 0;
				GCC_PREPROCESSOR_DEFINITIONS = (
					"DEBUG=1",
					"$(inherited)",
				);
				GCC_WARN_64_TO_32_BIT_CONVERSION = YES;
				GCC_WARN_ABOUT_RETURN_TYPE = YES_ERROR;
				GCC_WARN_UNDECLARED_SELECTOR = YES;
				GCC_WARN_UNINITIALIZED_AUTOS = YES_AGGRESSIVE;
				GCC_WARN_UNUSED_FUNCTION = YES;
				GCC_WARN_UNUSED_VARIABLE = YES;
				IPHONEOS_DEPLOYMENT_TARGET = 10.3;
				MTL_ENABLE_DEBUG_INFO = YES;
				ONLY_ACTIVE_ARCH = YES;
				SDKROOT = iphoneos;
				SWIFT_ACTIVE_COMPILATION_CONDITIONS = DEBUG;
				SWIFT_OPTIMIZATION_LEVEL = "-Onone";
			};
			name = Debug;
		};
		90B52C481ECAA0A1008AF6E2 /* Release */ = {
			isa = XCBuildConfiguration;
			buildSettings = {
				ALWAYS_SEARCH_USER_PATHS = NO;
				CLANG_ANALYZER_NONNULL = YES;
				CLANG_ANALYZER_NUMBER_OBJECT_CONVERSION = YES_AGGRESSIVE;
				CLANG_CXX_LANGUAGE_STANDARD = "gnu++0x";
				CLANG_CXX_LIBRARY = "libc++";
				CLANG_ENABLE_MODULES = YES;
				CLANG_ENABLE_OBJC_ARC = YES;
				CLANG_WARN_BOOL_CONVERSION = YES;
				CLANG_WARN_CONSTANT_CONVERSION = YES;
				CLANG_WARN_DIRECT_OBJC_ISA_USAGE = YES_ERROR;
				CLANG_WARN_DOCUMENTATION_COMMENTS = YES;
				CLANG_WARN_EMPTY_BODY = YES;
				CLANG_WARN_ENUM_CONVERSION = YES;
				CLANG_WARN_INFINITE_RECURSION = YES;
				CLANG_WARN_INT_CONVERSION = YES;
				CLANG_WARN_OBJC_ROOT_CLASS = YES_ERROR;
				CLANG_WARN_SUSPICIOUS_MOVE = YES;
				CLANG_WARN_UNREACHABLE_CODE = YES;
				CLANG_WARN__DUPLICATE_METHOD_MATCH = YES;
				"CODE_SIGN_IDENTITY[sdk=iphoneos*]" = "iPhone Developer";
				COPY_PHASE_STRIP = NO;
				DEBUG_INFORMATION_FORMAT = "dwarf-with-dsym";
				ENABLE_NS_ASSERTIONS = NO;
				ENABLE_STRICT_OBJC_MSGSEND = YES;
				GCC_C_LANGUAGE_STANDARD = gnu99;
				GCC_NO_COMMON_BLOCKS = YES;
				GCC_WARN_64_TO_32_BIT_CONVERSION = YES;
				GCC_WARN_ABOUT_RETURN_TYPE = YES_ERROR;
				GCC_WARN_UNDECLARED_SELECTOR = YES;
				GCC_WARN_UNINITIALIZED_AUTOS = YES_AGGRESSIVE;
				GCC_WARN_UNUSED_FUNCTION = YES;
				GCC_WARN_UNUSED_VARIABLE = YES;
				IPHONEOS_DEPLOYMENT_TARGET = 10.3;
				MTL_ENABLE_DEBUG_INFO = NO;
				SDKROOT = iphoneos;
				SWIFT_OPTIMIZATION_LEVEL = "-Owholemodule";
				VALIDATE_PRODUCT = YES;
			};
			name = Release;
		};
		90B52C4A1ECAA0A1008AF6E2 /* Debug */ = {
			isa = XCBuildConfiguration;
			baseConfigurationReference = 48C90C24B303FB84585714A7 /* Pods-LANLineV2.debug.xcconfig */;
			buildSettings = {
				ASSETCATALOG_COMPILER_APPICON_NAME = AppIcon;
				DEVELOPMENT_TEAM = 5CZ45M6538;
				INFOPLIST_FILE = LANLineV2/Info.plist;
				LD_RUNPATH_SEARCH_PATHS = "$(inherited) @executable_path/Frameworks";
				PRODUCT_BUNDLE_IDENTIFIER = "The-Iron-Yard.LANLineV2";
				PRODUCT_NAME = "$(TARGET_NAME)";
				SWIFT_VERSION = 3.0;
			};
			name = Debug;
		};
		90B52C4B1ECAA0A1008AF6E2 /* Release */ = {
			isa = XCBuildConfiguration;
			baseConfigurationReference = 2D5A4CFF99961CA0B25FFFFF /* Pods-LANLineV2.release.xcconfig */;
			buildSettings = {
				ASSETCATALOG_COMPILER_APPICON_NAME = AppIcon;
				DEVELOPMENT_TEAM = 5CZ45M6538;
				INFOPLIST_FILE = LANLineV2/Info.plist;
				LD_RUNPATH_SEARCH_PATHS = "$(inherited) @executable_path/Frameworks";
				PRODUCT_BUNDLE_IDENTIFIER = "The-Iron-Yard.LANLineV2";
				PRODUCT_NAME = "$(TARGET_NAME)";
				SWIFT_VERSION = 3.0;
			};
			name = Release;
		};
		90B52C4D1ECAA0A1008AF6E2 /* Debug */ = {
			isa = XCBuildConfiguration;
			baseConfigurationReference = 7B5D5941655D3B0314B8C0F9 /* Pods-LANLineV2Tests.debug.xcconfig */;
			buildSettings = {
				ALWAYS_EMBED_SWIFT_STANDARD_LIBRARIES = YES;
				BUNDLE_LOADER = "$(TEST_HOST)";
				DEVELOPMENT_TEAM = 5CZ45M6538;
				INFOPLIST_FILE = LANLineV2Tests/Info.plist;
				LD_RUNPATH_SEARCH_PATHS = "$(inherited) @executable_path/Frameworks @loader_path/Frameworks";
				PRODUCT_BUNDLE_IDENTIFIER = "The-Iron-Yard.LANLineV2Tests";
				PRODUCT_NAME = "$(TARGET_NAME)";
				SWIFT_VERSION = 3.0;
				TEST_HOST = "$(BUILT_PRODUCTS_DIR)/LANLineV2.app/LANLineV2";
			};
			name = Debug;
		};
		90B52C4E1ECAA0A1008AF6E2 /* Release */ = {
			isa = XCBuildConfiguration;
			baseConfigurationReference = 1D3AAD8E0E1CA40BA11476D8 /* Pods-LANLineV2Tests.release.xcconfig */;
			buildSettings = {
				ALWAYS_EMBED_SWIFT_STANDARD_LIBRARIES = YES;
				BUNDLE_LOADER = "$(TEST_HOST)";
				DEVELOPMENT_TEAM = 5CZ45M6538;
				INFOPLIST_FILE = LANLineV2Tests/Info.plist;
				LD_RUNPATH_SEARCH_PATHS = "$(inherited) @executable_path/Frameworks @loader_path/Frameworks";
				PRODUCT_BUNDLE_IDENTIFIER = "The-Iron-Yard.LANLineV2Tests";
				PRODUCT_NAME = "$(TARGET_NAME)";
				SWIFT_VERSION = 3.0;
				TEST_HOST = "$(BUILT_PRODUCTS_DIR)/LANLineV2.app/LANLineV2";
			};
			name = Release;
		};
		90B52C501ECAA0A1008AF6E2 /* Debug */ = {
			isa = XCBuildConfiguration;
			baseConfigurationReference = 13F072F8EC512201D7188CAC /* Pods-LANLineV2UITests.debug.xcconfig */;
			buildSettings = {
				ALWAYS_EMBED_SWIFT_STANDARD_LIBRARIES = YES;
				DEVELOPMENT_TEAM = 5CZ45M6538;
				INFOPLIST_FILE = LANLineV2UITests/Info.plist;
				LD_RUNPATH_SEARCH_PATHS = "$(inherited) @executable_path/Frameworks @loader_path/Frameworks";
				PRODUCT_BUNDLE_IDENTIFIER = "The-Iron-Yard.LANLineV2UITests";
				PRODUCT_NAME = "$(TARGET_NAME)";
				SWIFT_VERSION = 3.0;
				TEST_TARGET_NAME = LANLineV2;
			};
			name = Debug;
		};
		90B52C511ECAA0A1008AF6E2 /* Release */ = {
			isa = XCBuildConfiguration;
			baseConfigurationReference = 2C9DFB9FDDEC011F4602D383 /* Pods-LANLineV2UITests.release.xcconfig */;
			buildSettings = {
				ALWAYS_EMBED_SWIFT_STANDARD_LIBRARIES = YES;
				DEVELOPMENT_TEAM = 5CZ45M6538;
				INFOPLIST_FILE = LANLineV2UITests/Info.plist;
				LD_RUNPATH_SEARCH_PATHS = "$(inherited) @executable_path/Frameworks @loader_path/Frameworks";
				PRODUCT_BUNDLE_IDENTIFIER = "The-Iron-Yard.LANLineV2UITests";
				PRODUCT_NAME = "$(TARGET_NAME)";
				SWIFT_VERSION = 3.0;
				TEST_TARGET_NAME = LANLineV2;
			};
			name = Release;
		};
/* End XCBuildConfiguration section */

/* Begin XCConfigurationList section */
		90B52C1C1ECAA0A1008AF6E2 /* Build configuration list for PBXProject "LANLineV2" */ = {
			isa = XCConfigurationList;
			buildConfigurations = (
				90B52C471ECAA0A1008AF6E2 /* Debug */,
				90B52C481ECAA0A1008AF6E2 /* Release */,
			);
			defaultConfigurationIsVisible = 0;
			defaultConfigurationName = Release;
		};
		90B52C491ECAA0A1008AF6E2 /* Build configuration list for PBXNativeTarget "LANLineV2" */ = {
			isa = XCConfigurationList;
			buildConfigurations = (
				90B52C4A1ECAA0A1008AF6E2 /* Debug */,
				90B52C4B1ECAA0A1008AF6E2 /* Release */,
			);
			defaultConfigurationIsVisible = 0;
			defaultConfigurationName = Release;
		};
		90B52C4C1ECAA0A1008AF6E2 /* Build configuration list for PBXNativeTarget "LANLineV2Tests" */ = {
			isa = XCConfigurationList;
			buildConfigurations = (
				90B52C4D1ECAA0A1008AF6E2 /* Debug */,
				90B52C4E1ECAA0A1008AF6E2 /* Release */,
			);
			defaultConfigurationIsVisible = 0;
			defaultConfigurationName = Release;
		};
		90B52C4F1ECAA0A1008AF6E2 /* Build configuration list for PBXNativeTarget "LANLineV2UITests" */ = {
			isa = XCConfigurationList;
			buildConfigurations = (
				90B52C501ECAA0A1008AF6E2 /* Debug */,
				90B52C511ECAA0A1008AF6E2 /* Release */,
			);
			defaultConfigurationIsVisible = 0;
			defaultConfigurationName = Release;
		};
/* End XCConfigurationList section */
	};
	rootObject = 90B52C191ECAA0A1008AF6E2 /* Project object */;
}
